
Microsoft Visual Studio Solution File, Format Version 12.00
# Visual Studio 2015
Project("{FAE04EC0-301F-11D3-BF4B-00C04F79EFBC}") = "KeebVN.CSharp.Plugins", "KeebVN.CSharp.Plugins.csproj", "{5FAA369F-B251-66D2-34AA-245A21FF4C36}"
EndProject
Project("{FAE04EC0-301F-11D3-BF4B-00C04F79EFBC}") = "KeebVN.CSharp", "KeebVN.CSharp.csproj", "{886EB381-A5BE-AE54-28D8-AD3E94062AE8}"
EndProject
Global
	GlobalSection(SolutionConfigurationPlatforms) = preSolution
		Debug|Any CPU = Debug|Any CPU
		Release|Any CPU = Release|Any CPU
	EndGlobalSection
	GlobalSection(ProjectConfigurationPlatforms) = postSolution
		{5FAA369F-B251-66D2-34AA-245A21FF4C36}.Debug|Any CPU.ActiveCfg = Debug|Any CPU
		{5FAA369F-B251-66D2-34AA-245A21FF4C36}.Debug|Any CPU.Build.0 = Debug|Any CPU
		{5FAA369F-B251-66D2-34AA-245A21FF4C36}.Release|Any CPU.ActiveCfg = Release|Any CPU
		{5FAA369F-B251-66D2-34AA-245A21FF4C36}.Release|Any CPU.Build.0 = Release|Any CPU
		{886EB381-A5BE-AE54-28D8-AD3E94062AE8}.Debug|Any CPU.ActiveCfg = Debug|Any CPU
		{886EB381-A5BE-AE54-28D8-AD3E94062AE8}.Debug|Any CPU.Build.0 = Debug|Any CPU
		{886EB381-A5BE-AE54-28D8-AD3E94062AE8}.Release|Any CPU.ActiveCfg = Release|Any CPU
		{886EB381-A5BE-AE54-28D8-AD3E94062AE8}.Release|Any CPU.Build.0 = Release|Any CPU
	EndGlobalSection
	GlobalSection(SolutionProperties) = preSolution
		HideSolutionNode = FALSE
	EndGlobalSection
EndGlobal
